<Solution>
  <Folder Name="/Solution Items/">
    <File Path=".nuget/Nurbsy.nuspec" />
    <File Path="Directory.Packages.props" />
    <File Path="LICENSE" />
    <File Path="NOTICE" />
    <File Path="README.MD" />
  </Folder>
  <Folder Name="/Solution Items/.nuget/">
    <File Path=".nuget/Nurbsy.nuspec" />
    <File Path=".nuget/VL.Nurbsy.nuspec" />
  </Folder>
  <Folder Name="/Solution Items/workflows/">
    <File Path=".github/workflows/push_nuget.yml" />
  </Folder>
  <Project Path="Nurbsy.Rendering/Nurbsy.Rendering.csproj" />
  <Project Path="Nurbsy/Nurbsy.csproj" />
  <Project Path="VL.Nurbsy/src/VL.Nurbsy.csproj" />
</Solution>
